
Microsoft Visual Studio Solution File, Format Version 12.00
# Visual Studio 15
VisualStudioVersion = 15.0.25920.0
MinimumVisualStudioVersion = 10.0.40219.1
Project("{FAE04EC0-301F-11D3-BF4B-00C04F79EFBC}") = "Zoo", "Zoo\Zoo.csproj", "{90712A8C-D4CA-4DAB-A79C-2B87032F1B21}"
EndProject
Project("{FAE04EC0-301F-11D3-BF4B-00C04F79EFBC}") = "Ticketing", "Ticketing\Ticketing.csproj", "{95D67F30-ECFA-429D-849C-BB49998D234F}"
EndProject
Project("{FAE04EC0-301F-11D3-BF4B-00C04F79EFBC}") = "Events", "Events\Events.csproj", "{26A474BD-7CD7-4744-B287-71D9734056EA}"
EndProject
Project("{FAE04EC0-301F-11D3-BF4B-00C04F79EFBC}") = "Employees", "Employee\Employees.csproj", "{D575F2CE-A37B-44AD-9D48-DE5BD84616F7}"
EndProject
Project("{FAE04EC0-301F-11D3-BF4B-00C04F79EFBC}") = "Animals", "Animals\Animals.csproj", "{75537B69-A1C6-4E7A-8648-64691CC14C09}"
EndProject
Project("{FAE04EC0-301F-11D3-BF4B-00C04F79EFBC}") = "CompanyBudgeting", "CompanyBudgeting\CompanyBudgeting.csproj", "{31E02941-7F62-41D7-8644-2AC3F4A96AB5}"
EndProject
Global
	GlobalSection(SolutionConfigurationPlatforms) = preSolution
		Debug|Any CPU = Debug|Any CPU
		Release|Any CPU = Release|Any CPU
	EndGlobalSection
	GlobalSection(ProjectConfigurationPlatforms) = postSolution
		{90712A8C-D4CA-4DAB-A79C-2B87032F1B21}.Debug|Any CPU.ActiveCfg = Debug|Any CPU
		{90712A8C-D4CA-4DAB-A79C-2B87032F1B21}.Debug|Any CPU.Build.0 = Debug|Any CPU
		{90712A8C-D4CA-4DAB-A79C-2B87032F1B21}.Release|Any CPU.ActiveCfg = Release|Any CPU
		{90712A8C-D4CA-4DAB-A79C-2B87032F1B21}.Release|Any CPU.Build.0 = Release|Any CPU
		{95D67F30-ECFA-429D-849C-BB49998D234F}.Debug|Any CPU.ActiveCfg = Debug|Any CPU
		{95D67F30-ECFA-429D-849C-BB49998D234F}.Debug|Any CPU.Build.0 = Debug|Any CPU
		{95D67F30-ECFA-429D-849C-BB49998D234F}.Release|Any CPU.ActiveCfg = Release|Any CPU
		{95D67F30-ECFA-429D-849C-BB49998D234F}.Release|Any CPU.Build.0 = Release|Any CPU
		{26A474BD-7CD7-4744-B287-71D9734056EA}.Debug|Any CPU.ActiveCfg = Debug|Any CPU
		{26A474BD-7CD7-4744-B287-71D9734056EA}.Debug|Any CPU.Build.0 = Debug|Any CPU
		{26A474BD-7CD7-4744-B287-71D9734056EA}.Release|Any CPU.ActiveCfg = Release|Any CPU
		{26A474BD-7CD7-4744-B287-71D9734056EA}.Release|Any CPU.Build.0 = Release|Any CPU
		{D575F2CE-A37B-44AD-9D48-DE5BD84616F7}.Debug|Any CPU.ActiveCfg = Debug|Any CPU
		{D575F2CE-A37B-44AD-9D48-DE5BD84616F7}.Debug|Any CPU.Build.0 = Debug|Any CPU
		{D575F2CE-A37B-44AD-9D48-DE5BD84616F7}.Release|Any CPU.ActiveCfg = Release|Any CPU
		{D575F2CE-A37B-44AD-9D48-DE5BD84616F7}.Release|Any CPU.Build.0 = Release|Any CPU
		{75537B69-A1C6-4E7A-8648-64691CC14C09}.Debug|Any CPU.ActiveCfg = Debug|Any CPU
		{75537B69-A1C6-4E7A-8648-64691CC14C09}.Debug|Any CPU.Build.0 = Debug|Any CPU
		{75537B69-A1C6-4E7A-8648-64691CC14C09}.Release|Any CPU.ActiveCfg = Release|Any CPU
		{75537B69-A1C6-4E7A-8648-64691CC14C09}.Release|Any CPU.Build.0 = Release|Any CPU
		{31E02941-7F62-41D7-8644-2AC3F4A96AB5}.Debug|Any CPU.ActiveCfg = Debug|Any CPU
		{31E02941-7F62-41D7-8644-2AC3F4A96AB5}.Debug|Any CPU.Build.0 = Debug|Any CPU
		{31E02941-7F62-41D7-8644-2AC3F4A96AB5}.Release|Any CPU.ActiveCfg = Release|Any CPU
		{31E02941-7F62-41D7-8644-2AC3F4A96AB5}.Release|Any CPU.Build.0 = Release|Any CPU
	EndGlobalSection
	GlobalSection(SolutionProperties) = preSolution
		HideSolutionNode = FALSE
	EndGlobalSection
EndGlobal
